cloud.google.com/go v0.34.0/go.mod h1:aQUYkXzVsufM+DwF1aE+0xfcU+56JwCaLick0ClmMTw=
github.com/contextgg/go-sdk v1.6.3 h1:VmI6/6aUoqSUFI2DzBJe9DVUYNSVV+O6L52STIKcLuk=
github.com/contextgg/go-sdk v1.6.3/go.mod h1:kZJdgq1BFtq6sh6br3SmTU4QY5x/jRKwPTVqV+/RBxI=
github.com/contextgg/go-sdk v1.6.4 h1:/WzsLXEuQnOVvlfUy4ymoQZx4u9g1wjKrfha0z3aG7c=
github.com/contextgg/go-sdk v1.6.4/go.mod h1:kZJdgq1BFtq6sh6br3SmTU4QY5x/jRKwPTVqV+/RBxI=
github.com/contextgg/go-sdk v1.6.5 h1:4UZpOLNl12OqXtfLK7pXRcdoOnca6xBpbWBcyWE6FAg=
github.com/contextgg/go-sdk v1.6.5/go.mod h1:kZJdgq1BFtq6sh6br3SmTU4QY5x/jRKwPTVqV+/RBxI=
github.com/contextgg/go-sdk v1.6.6 h1:De6CBRThTEAbZnCZqM4r//8o7ip9BUuQjQ0xQikeLB0=
github.com/contextgg/go-sdk v1.6.6/go.mod h1:kZJdgq1BFtq6sh6br3SmTU4QY5x/jRKwPTVqV+/RBxI=
github.com/contextgg/go-sdk v1.6.7 h1:Qdyl4WOUPmCyt4EvDpchsC/jeLIhb5VbqWC7iQzrFtU=
github.com/contextgg/go-sdk v1.6.7/go.mod h1:kZJdgq1BFtq6sh6br3SmTU4QY5x/jRKwPTVqV+/RBxI=
github.com/contextgg/go-sdk v1.6.8 h1:ndH3u6eRPoSfeG85LR4pfoNvakYjWBxcaS8QPdGThuE=
github.com/contextgg/go-sdk v1.6.8/go.mod h1:kZJdgq1BFtq6sh6br3SmTU4QY5x/jRKwPTVqV+/RBxI=
github.com/contextgg/go-sdk v1.6.9 h1:tosgNSjj1E+F94668YbActI+lS3XX5ybLCp5GCbzTWs=
github.com/contextgg/go-sdk v1.6.9/go.mod h1:kZJdgq1BFtq6sh6br3SmTU4QY5x/jRKwPTVqV+/RBxI=
github.com/contextgg/go-sdk v1.6.10 h1:MCrTASW+f2TEzjTPm27Psregj7mu8R0KL5i7AtVtO18=
github.com/contextgg/go-sdk v1.6.10/go.mod h1:kZJdgq1BFtq6sh6br3SmTU4QY5x/jRKwPTVqV+/RBxI=
github.com/davecgh/go-spew v1.1.0/go.mod h1:J7Y8YcW2NihsgmVo/mv3lAwl/skON4iLHjSsI+c5H38=
github.com/golang/protobuf v1.2.0 h1:P3YflyNX/ehuJFLhxviNdFxQPkGK5cDcApsge1SqnvM=
github.com/golang/protobuf v1.2.0/go.mod h1:6lQm79b+lXiMfvg/cZm0SGofjICqVBUtrP5yJMmIC1U=
github.com/google/uuid v1.1.1 h1:Gkbcsh/GbpXz7lPftLA3P6TYMwjCLYm83jiFQZF/3gY=
github.com/google/uuid v1.1.1/go.mod h1:TIyPZe4MgqvfeYDBFedMoGGpEw/LqOeaOT+nhxU+yHo=
github.com/gorilla/securecookie v1.1.1 h1:miw7JPhV+b/lAHSXz4qd/nN9jRiAFV5FwjeKyCS8BvQ=
github.com/gorilla/securecookie v1.1.1/go.mod h1:ra0sb63/xPlUeL+yeDciTfxMRAA+MP+HVt/4epWDjd4=
github.com/gorilla/sessions v1.2.0 h1:S7P+1Hm5V/AT9cjEcUD5uDaQSX0OE577aCXgoaKpYbQ=
github.com/gorilla/sessions v1.2.0/go.mod h1:dk2InVEVJ0sfLlnXv9EAgkf6ecYs/i80K/zI+bUmuGM=
github.com/mitchellh/mapstructure v1.1.2 h1:fmNYVwqnSfB9mZU6OS2O6GsXM+wcskZDuKQzvN1EDeE=
github.com/mitchellh/mapstructure v1.1.2/go.mod h1:FVVH3fgwuzCH5S8UJGiWEs2h04kUh9fWfEaFds41c1Y=
github.com/mrjones/oauth v0.0.0-20190623134757-126b35219450 h1:j2kD3MT1z4PXCiUllUJF9mWUESr9TWKS7iEKsQ/IipM=
github.com/mrjones/oauth v0.0.0-20190623134757-126b35219450/go.mod h1:skjdDftzkFALcuGzYSklqYd8gvat6F1gZJ4YPVbkZpM=
github.com/opentracing/opentracing-go v1.1.0 h1:pWlfV3Bxv7k65HYwkikxat0+s3pV4bsqf19k25Ur8rU=
github.com/opentracing/opentracing-go v1.1.0/go.mod h1:UkNAQd3GIcIGf0SeVgPpRdFStlNbqXla1AfSYxPUl2o=
github.com/pkg/errors v0.8.1 h1:iURUrRGxPUNPdy5/HRSm+Yj6okJ6UtLINN0Q9M4+h3I=
github.com/pkg/errors v0.8.1/go.mod h1:bwawxfHBFNV+L2hUp1rHADufV3IMtnDRdf1r5NINEl0=
github.com/pmezard/go-difflib v1.0.0/go.mod h1:iKH77koFhYxTK1pcRnkKkqfTogsbg7gZNVY4sRDYZ/4=
github.com/stretchr/objx v0.1.0/go.mod h1:HFkY916IF+rwdDfMAkV7OtwuqBVzrE8GR6GFx+wExME=
github.com/stretchr/testify v1.4.0/go.mod h1:j7eGeouHqKxXV5pUuKE4zz7dFj8WfuZ+81PSLYec5m4=
golang.org/x/crypto v0.0.0-20190308221718-c2843e01d9a2/go.mod h1:djNgcEr1/C05ACkg1iLfiJU5Ep61QUkGW8qpdssI0+w=
golang.org/x/net v0.0.0-20180724234803-3673e40ba225/go.mod h1:mL1N/T3taQHkDXs73rZJwtUhF3w3ftmwwsq0BUmARs4=
golang.org/x/net v0.0.0-20190108225652-1e06a53dbb7e/go.mod h1:mL1N/T3taQHkDXs73rZJwtUhF3w3ftmwwsq0BUmARs4=
golang.org/x/net v0.0.0-20190404232315-eb5bcb51f2a3 h1:0GoQqolDA55aaLxZyTzK/Y2ePZzZTUrRacwib7cNsYQ=
golang.org/x/net v0.0.0-20190404232315-eb5bcb51f2a3/go.mod h1:t9HGtf8HONx5eT2rtn7q6eTqICYqUVnKs3thJo3Qplg=
golang.org/x/oauth2 v0.0.0-20191202225959-858c2ad4c8b6 h1:pE8b58s1HRDMi8RDc79m0HISf9D4TzseP40cEA6IGfs=
golang.org/x/oauth2 v0.0.0-20191202225959-858c2ad4c8b6/go.mod h1:gOpvHmFTYa4IltrdGE7lF6nIHvwfUNPOp7c8zoXwtLw=
golang.org/x/sync v0.0.0-20181221193216-37e7f081c4d4/go.mod h1:RxMgew5VJxzue5/jJTE5uejpjVlOe/izrB70Jof72aM=
golang.org/x/sys v0.0.0-20190215142949-d0b11bdaac8a/go.mod h1:STP8DvDyc/dI5b8T5hshtkjS+E42TnysNCUPdjciGhY=
golang.org/x/text v0.3.0/go.mod h1:NqM8EUOU14njkJ3fqMW+pc6Ldnwhi/IjpwHt7yyuwOQ=
google.golang.org/appengine v1.4.0 h1:/wp5JvzpHIxhs/dumFmF7BXTf3Z+dd4uXta4kVyO508=
google.golang.org/appengine v1.4.0/go.mod h1:xpcJRLb0r/rnEns0DIKYYv+WjYCduHsrkT7/EB5XEv4=
gopkg.in/check.v1 v0.0.0-20161208181325-20d25e280405/go.mod h1:Co6ibVJAznAaIkqp8huTwlJQCZ016jof/cbN4VW5Yz0=
gopkg.in/yaml.v2 v2.2.2/go.mod h1:hI93XBmqTisBFMUTm0b8Fm+jr3Dg1NNxqwp+5A1VGuI=
